// !$*UTF8*$!
{
	archiveVersion = 1;
	classes = {
	};
	objectVersion = 46;
	objects = {

/* Begin PBXBuildFile section */
		452142061DA7035D00FCBF62 /* SVProgressHUD+Podclass.swift in Sources */ = {isa = PBXBuildFile; fileRef = 452142051DA7035D00FCBF62 /* SVProgressHUD+Podclass.swift */; };
		457608221CBAB90700D13691 /* PCAudioPlayer.swift in Sources */ = {isa = PBXBuildFile; fileRef = 457608211CBAB90700D13691 /* PCAudioPlayer.swift */; };
		4576082B1CBC81D700D13691 /* PCMiniPlayerView.swift in Sources */ = {isa = PBXBuildFile; fileRef = 457608291CBC81D700D13691 /* PCMiniPlayerView.swift */; };
		4576082C1CBC81D700D13691 /* PCMiniPlayerView.xib in Resources */ = {isa = PBXBuildFile; fileRef = 4576082A1CBC81D700D13691 /* PCMiniPlayerView.xib */; };
		457608401CC5009F00D13691 /* ProximaNova-Light.otf in Resources */ = {isa = PBXBuildFile; fileRef = 4576083C1CC5009F00D13691 /* ProximaNova-Light.otf */; };
		457608411CC5009F00D13691 /* ProximaNova-Regular.otf in Resources */ = {isa = PBXBuildFile; fileRef = 4576083D1CC5009F00D13691 /* ProximaNova-Regular.otf */; };
		457608421CC5009F00D13691 /* Quicksand-Light.ttf in Resources */ = {isa = PBXBuildFile; fileRef = 4576083E1CC5009F00D13691 /* Quicksand-Light.ttf */; };
		457608431CC5009F00D13691 /* Quicksand-Regular.ttf in Resources */ = {isa = PBXBuildFile; fileRef = 4576083F1CC5009F00D13691 /* Quicksand-Regular.ttf */; };
		457608461CC500B800D13691 /* PCClass.swift in Sources */ = {isa = PBXBuildFile; fileRef = 457608441CC500B800D13691 /* PCClass.swift */; };
		457608471CC500B800D13691 /* PCLesson.swift in Sources */ = {isa = PBXBuildFile; fileRef = 457608451CC500B800D13691 /* PCLesson.swift */; };
		4576084B1CC500D200D13691 /* PCButton.swift in Sources */ = {isa = PBXBuildFile; fileRef = 457608481CC500D200D13691 /* PCButton.swift */; };
		4576084C1CC500D200D13691 /* PCLabel.swift in Sources */ = {isa = PBXBuildFile; fileRef = 457608491CC500D200D13691 /* PCLabel.swift */; };
		4576084D1CC500D200D13691 /* PCView.swift in Sources */ = {isa = PBXBuildFile; fileRef = 4576084A1CC500D200D13691 /* PCView.swift */; };
		457608521CC500EF00D13691 /* NSObject+Podclass.swift in Sources */ = {isa = PBXBuildFile; fileRef = 4576084E1CC500EF00D13691 /* NSObject+Podclass.swift */; };
		457608531CC500EF00D13691 /* UIColor+Podclass.swift in Sources */ = {isa = PBXBuildFile; fileRef = 4576084F1CC500EF00D13691 /* UIColor+Podclass.swift */; };
		457608541CC500EF00D13691 /* UIView+Podclass.swift in Sources */ = {isa = PBXBuildFile; fileRef = 457608501CC500EF00D13691 /* UIView+Podclass.swift */; };
		457608551CC500EF00D13691 /* UIViewController+Podclass.swift in Sources */ = {isa = PBXBuildFile; fileRef = 457608511CC500EF00D13691 /* UIViewController+Podclass.swift */; };
		4576085A1CC5010900D13691 /* PitchViewController.swift in Sources */ = {isa = PBXBuildFile; fileRef = 457608561CC5010900D13691 /* PitchViewController.swift */; };
		4576085B1CC5010900D13691 /* PitchViewController.xib in Resources */ = {isa = PBXBuildFile; fileRef = 457608571CC5010900D13691 /* PitchViewController.xib */; };
		4576085C1CC5010900D13691 /* SyllabusTableViewCell.swift in Sources */ = {isa = PBXBuildFile; fileRef = 457608581CC5010900D13691 /* SyllabusTableViewCell.swift */; };
		4576085D1CC5010900D13691 /* SyllabusTableViewCell.xib in Resources */ = {isa = PBXBuildFile; fileRef = 457608591CC5010900D13691 /* SyllabusTableViewCell.xib */; };
		457608621CC5012100D13691 /* ClassViewController.swift in Sources */ = {isa = PBXBuildFile; fileRef = 4576085E1CC5012100D13691 /* ClassViewController.swift */; };
		457608631CC5012100D13691 /* ClassViewController.xib in Resources */ = {isa = PBXBuildFile; fileRef = 4576085F1CC5012100D13691 /* ClassViewController.xib */; };
		457608641CC5012100D13691 /* PCClassTableViewCell.swift in Sources */ = {isa = PBXBuildFile; fileRef = 457608601CC5012100D13691 /* PCClassTableViewCell.swift */; };
		457608651CC5012100D13691 /* PCClassTableViewCell.xib in Resources */ = {isa = PBXBuildFile; fileRef = 457608611CC5012100D13691 /* PCClassTableViewCell.xib */; };
		457608681CC5047700D13691 /* PCExpandedPlayerViewController.swift in Sources */ = {isa = PBXBuildFile; fileRef = 457608661CC5047700D13691 /* PCExpandedPlayerViewController.swift */; };
		457608691CC5047700D13691 /* PCExpandedPlayerViewController.xib in Resources */ = {isa = PBXBuildFile; fileRef = 457608671CC5047700D13691 /* PCExpandedPlayerViewController.xib */; };
		4576086B1CC70E9F00D13691 /* PCSlider.swift in Sources */ = {isa = PBXBuildFile; fileRef = 4576086A1CC70E9F00D13691 /* PCSlider.swift */; };
		4576086D1CD6404B00D13691 /* PCAudioPlayerNotificationManager.swift in Sources */ = {isa = PBXBuildFile; fileRef = 4576086C1CD6404B00D13691 /* PCAudioPlayerNotificationManager.swift */; };
		457608711CDE982000D13691 /* UIAlertController+Podclass.swift in Sources */ = {isa = PBXBuildFile; fileRef = 457608701CDE982000D13691 /* UIAlertController+Podclass.swift */; };
		457608731CDE9B3000D13691 /* Reachability.swift in Sources */ = {isa = PBXBuildFile; fileRef = 457608721CDE9B3000D13691 /* Reachability.swift */; };
		4588E5AE1C9EEEFE0065BEF2 /* ClassTableViewCell.swift in Sources */ = {isa = PBXBuildFile; fileRef = 4588E5AC1C9EEEFE0065BEF2 /* ClassTableViewCell.swift */; };
		4588E5AF1C9EEEFE0065BEF2 /* ClassTableViewCell.xib in Resources */ = {isa = PBXBuildFile; fileRef = 4588E5AD1C9EEEFE0065BEF2 /* ClassTableViewCell.xib */; };
		45DF04D71C9EC9F5005B6C8A /* AppDelegate.swift in Sources */ = {isa = PBXBuildFile; fileRef = 45DF04D61C9EC9F5005B6C8A /* AppDelegate.swift */; };
		45DF04D91C9EC9F5005B6C8A /* HomeViewController.swift in Sources */ = {isa = PBXBuildFile; fileRef = 45DF04D81C9EC9F5005B6C8A /* HomeViewController.swift */; };
		45DF04DC1C9EC9F5005B6C8A /* Main.storyboard in Resources */ = {isa = PBXBuildFile; fileRef = 45DF04DA1C9EC9F5005B6C8A /* Main.storyboard */; };
		45DF04DE1C9EC9F5005B6C8A /* Assets.xcassets in Resources */ = {isa = PBXBuildFile; fileRef = 45DF04DD1C9EC9F5005B6C8A /* Assets.xcassets */; };
		45DF04E11C9EC9F5005B6C8A /* LaunchScreen.storyboard in Resources */ = {isa = PBXBuildFile; fileRef = 45DF04DF1C9EC9F5005B6C8A /* LaunchScreen.storyboard */; };
		CED97E5A0FB50B0DD97BA736 /* Pods_Podclass.framework in Frameworks */ = {isa = PBXBuildFile; fileRef = CB358A8FA41EB9B76DA5F0A3 /* Pods_Podclass.framework */; };
/* End PBXBuildFile section */

/* Begin PBXFileReference section */
		452142051DA7035D00FCBF62 /* SVProgressHUD+Podclass.swift */ = {isa = PBXFileReference; fileEncoding = 4; lastKnownFileType = sourcecode.swift; path = "SVProgressHUD+Podclass.swift"; sourceTree = "<group>"; };
		457608211CBAB90700D13691 /* PCAudioPlayer.swift */ = {isa = PBXFileReference; fileEncoding = 4; lastKnownFileType = sourcecode.swift; path = PCAudioPlayer.swift; sourceTree = "<group>"; };
		457608291CBC81D700D13691 /* PCMiniPlayerView.swift */ = {isa = PBXFileReference; fileEncoding = 4; lastKnownFileType = sourcecode.swift; path = PCMiniPlayerView.swift; sourceTree = "<group>"; };
		4576082A1CBC81D700D13691 /* PCMiniPlayerView.xib */ = {isa = PBXFileReference; fileEncoding = 4; lastKnownFileType = file.xib; path = PCMiniPlayerView.xib; sourceTree = "<group>"; };
		457608391CC4FED800D13691 /* Podclass-Bridging-Header.h */ = {isa = PBXFileReference; fileEncoding = 4; lastKnownFileType = sourcecode.c.h; path = "Podclass-Bridging-Header.h"; sourceTree = "<group>"; };
		4576083C1CC5009F00D13691 /* ProximaNova-Light.otf */ = {isa = PBXFileReference; lastKnownFileType = file; path = "ProximaNova-Light.otf"; sourceTree = "<group>"; };
		4576083D1CC5009F00D13691 /* ProximaNova-Regular.otf */ = {isa = PBXFileReference; lastKnownFileType = file; path = "ProximaNova-Regular.otf"; sourceTree = "<group>"; };
		4576083E1CC5009F00D13691 /* Quicksand-Light.ttf */ = {isa = PBXFileReference; lastKnownFileType = file; path = "Quicksand-Light.ttf"; sourceTree = "<group>"; };
		4576083F1CC5009F00D13691 /* Quicksand-Regular.ttf */ = {isa = PBXFileReference; lastKnownFileType = file; path = "Quicksand-Regular.ttf"; sourceTree = "<group>"; };
		457608441CC500B800D13691 /* PCClass.swift */ = {isa = PBXFileReference; fileEncoding = 4; lastKnownFileType = sourcecode.swift; path = PCClass.swift; sourceTree = "<group>"; };
		457608451CC500B800D13691 /* PCLesson.swift */ = {isa = PBXFileReference; fileEncoding = 4; lastKnownFileType = sourcecode.swift; path = PCLesson.swift; sourceTree = "<group>"; };
		457608481CC500D200D13691 /* PCButton.swift */ = {isa = PBXFileReference; fileEncoding = 4; lastKnownFileType = sourcecode.swift; path = PCButton.swift; sourceTree = "<group>"; };
		457608491CC500D200D13691 /* PCLabel.swift */ = {isa = PBXFileReference; fileEncoding = 4; lastKnownFileType = sourcecode.swift; path = PCLabel.swift; sourceTree = "<group>"; };
		4576084A1CC500D200D13691 /* PCView.swift */ = {isa = PBXFileReference; fileEncoding = 4; lastKnownFileType = sourcecode.swift; path = PCView.swift; sourceTree = "<group>"; };
		4576084E1CC500EF00D13691 /* NSObject+Podclass.swift */ = {isa = PBXFileReference; fileEncoding = 4; lastKnownFileType = sourcecode.swift; path = "NSObject+Podclass.swift"; sourceTree = "<group>"; };
		4576084F1CC500EF00D13691 /* UIColor+Podclass.swift */ = {isa = PBXFileReference; fileEncoding = 4; lastKnownFileType = sourcecode.swift; path = "UIColor+Podclass.swift"; sourceTree = "<group>"; };
		457608501CC500EF00D13691 /* UIView+Podclass.swift */ = {isa = PBXFileReference; fileEncoding = 4; lastKnownFileType = sourcecode.swift; path = "UIView+Podclass.swift"; sourceTree = "<group>"; };
		457608511CC500EF00D13691 /* UIViewController+Podclass.swift */ = {isa = PBXFileReference; fileEncoding = 4; lastKnownFileType = sourcecode.swift; path = "UIViewController+Podclass.swift"; sourceTree = "<group>"; };
		457608561CC5010900D13691 /* PitchViewController.swift */ = {isa = PBXFileReference; fileEncoding = 4; lastKnownFileType = sourcecode.swift; path = PitchViewController.swift; sourceTree = "<group>"; };
		457608571CC5010900D13691 /* PitchViewController.xib */ = {isa = PBXFileReference; fileEncoding = 4; lastKnownFileType = file.xib; path = PitchViewController.xib; sourceTree = "<group>"; };
		457608581CC5010900D13691 /* SyllabusTableViewCell.swift */ = {isa = PBXFileReference; fileEncoding = 4; lastKnownFileType = sourcecode.swift; path = SyllabusTableViewCell.swift; sourceTree = "<group>"; };
		457608591CC5010900D13691 /* SyllabusTableViewCell.xib */ = {isa = PBXFileReference; fileEncoding = 4; lastKnownFileType = file.xib; path = SyllabusTableViewCell.xib; sourceTree = "<group>"; };
		4576085E1CC5012100D13691 /* ClassViewController.swift */ = {isa = PBXFileReference; fileEncoding = 4; lastKnownFileType = sourcecode.swift; path = ClassViewController.swift; sourceTree = "<group>"; };
		4576085F1CC5012100D13691 /* ClassViewController.xib */ = {isa = PBXFileReference; fileEncoding = 4; lastKnownFileType = file.xib; path = ClassViewController.xib; sourceTree = "<group>"; };
		457608601CC5012100D13691 /* PCClassTableViewCell.swift */ = {isa = PBXFileReference; fileEncoding = 4; lastKnownFileType = sourcecode.swift; path = PCClassTableViewCell.swift; sourceTree = "<group>"; };
		457608611CC5012100D13691 /* PCClassTableViewCell.xib */ = {isa = PBXFileReference; fileEncoding = 4; lastKnownFileType = file.xib; path = PCClassTableViewCell.xib; sourceTree = "<group>"; };
		457608661CC5047700D13691 /* PCExpandedPlayerViewController.swift */ = {isa = PBXFileReference; fileEncoding = 4; lastKnownFileType = sourcecode.swift; path = PCExpandedPlayerViewController.swift; sourceTree = "<group>"; };
		457608671CC5047700D13691 /* PCExpandedPlayerViewController.xib */ = {isa = PBXFileReference; fileEncoding = 4; lastKnownFileType = file.xib; path = PCExpandedPlayerViewController.xib; sourceTree = "<group>"; };
		4576086A1CC70E9F00D13691 /* PCSlider.swift */ = {isa = PBXFileReference; fileEncoding = 4; lastKnownFileType = sourcecode.swift; path = PCSlider.swift; sourceTree = "<group>"; };
		4576086C1CD6404B00D13691 /* PCAudioPlayerNotificationManager.swift */ = {isa = PBXFileReference; fileEncoding = 4; lastKnownFileType = sourcecode.swift; path = PCAudioPlayerNotificationManager.swift; sourceTree = "<group>"; };
		457608701CDE982000D13691 /* UIAlertController+Podclass.swift */ = {isa = PBXFileReference; fileEncoding = 4; lastKnownFileType = sourcecode.swift; path = "UIAlertController+Podclass.swift"; sourceTree = "<group>"; };
		457608721CDE9B3000D13691 /* Reachability.swift */ = {isa = PBXFileReference; fileEncoding = 4; lastKnownFileType = sourcecode.swift; path = Reachability.swift; sourceTree = "<group>"; };
		4588E5AC1C9EEEFE0065BEF2 /* ClassTableViewCell.swift */ = {isa = PBXFileReference; fileEncoding = 4; lastKnownFileType = sourcecode.swift; path = ClassTableViewCell.swift; sourceTree = "<group>"; };
		4588E5AD1C9EEEFE0065BEF2 /* ClassTableViewCell.xib */ = {isa = PBXFileReference; fileEncoding = 4; lastKnownFileType = file.xib; path = ClassTableViewCell.xib; sourceTree = "<group>"; };
		45DF04D31C9EC9F5005B6C8A /* Podclass.app */ = {isa = PBXFileReference; explicitFileType = wrapper.application; includeInIndex = 0; path = Podclass.app; sourceTree = BUILT_PRODUCTS_DIR; };
		45DF04D61C9EC9F5005B6C8A /* AppDelegate.swift */ = {isa = PBXFileReference; lastKnownFileType = sourcecode.swift; path = AppDelegate.swift; sourceTree = "<group>"; };
		45DF04D81C9EC9F5005B6C8A /* HomeViewController.swift */ = {isa = PBXFileReference; lastKnownFileType = sourcecode.swift; path = HomeViewController.swift; sourceTree = "<group>"; };
		45DF04DB1C9EC9F5005B6C8A /* Base */ = {isa = PBXFileReference; lastKnownFileType = file.storyboard; name = Base; path = Base.lproj/Main.storyboard; sourceTree = "<group>"; };
		45DF04DD1C9EC9F5005B6C8A /* Assets.xcassets */ = {isa = PBXFileReference; lastKnownFileType = folder.assetcatalog; path = Assets.xcassets; sourceTree = "<group>"; };
		45DF04E01C9EC9F5005B6C8A /* Base */ = {isa = PBXFileReference; lastKnownFileType = file.storyboard; name = Base; path = Base.lproj/LaunchScreen.storyboard; sourceTree = "<group>"; };
		45DF04E21C9EC9F5005B6C8A /* Info.plist */ = {isa = PBXFileReference; lastKnownFileType = text.plist.xml; path = Info.plist; sourceTree = "<group>"; };
		7094D75AD00105F6EBDB517B /* Pods.framework */ = {isa = PBXFileReference; explicitFileType = wrapper.framework; includeInIndex = 0; path = Pods.framework; sourceTree = BUILT_PRODUCTS_DIR; };
		917DB36851D2782672361947 /* Pods-Podclass.release.xcconfig */ = {isa = PBXFileReference; includeInIndex = 1; lastKnownFileType = text.xcconfig; name = "Pods-Podclass.release.xcconfig"; path = "Pods/Target Support Files/Pods-Podclass/Pods-Podclass.release.xcconfig"; sourceTree = "<group>"; };
		CB358A8FA41EB9B76DA5F0A3 /* Pods_Podclass.framework */ = {isa = PBXFileReference; explicitFileType = wrapper.framework; includeInIndex = 0; path = Pods_Podclass.framework; sourceTree = BUILT_PRODUCTS_DIR; };
		FA31A5A3FE95CA596184CAC2 /* Pods-Podclass.debug.xcconfig */ = {isa = PBXFileReference; includeInIndex = 1; lastKnownFileType = text.xcconfig; name = "Pods-Podclass.debug.xcconfig"; path = "Pods/Target Support Files/Pods-Podclass/Pods-Podclass.debug.xcconfig"; sourceTree = "<group>"; };
/* End PBXFileReference section */

/* Begin PBXFrameworksBuildPhase section */
		45DF04D01C9EC9F5005B6C8A /* Frameworks */ = {
			isa = PBXFrameworksBuildPhase;
			buildActionMask = 2147483647;
			files = (
				CED97E5A0FB50B0DD97BA736 /* Pods_Podclass.framework in Frameworks */,
			);
			runOnlyForDeploymentPostprocessing = 0;
		};
/* End PBXFrameworksBuildPhase section */

/* Begin PBXGroup section */
		1185EF0DF4A7055C15E16085 /* Frameworks */ = {
			isa = PBXGroup;
			children = (
				7094D75AD00105F6EBDB517B /* Pods.framework */,
				CB358A8FA41EB9B76DA5F0A3 /* Pods_Podclass.framework */,
			);
			name = Frameworks;
			sourceTree = "<group>";
		};
		452AFD471CAC87BF00DCF69C /* Class View Controller */ = {
			isa = PBXGroup;
			children = (
				4576085E1CC5012100D13691 /* ClassViewController.swift */,
				4576085F1CC5012100D13691 /* ClassViewController.xib */,
				457608601CC5012100D13691 /* PCClassTableViewCell.swift */,
				457608611CC5012100D13691 /* PCClassTableViewCell.xib */,
			);
			path = "Class View Controller";
			sourceTree = "<group>";
		};
		457608201CBAB8D900D13691 /* Audio Player */ = {
			isa = PBXGroup;
			children = (
				457608211CBAB90700D13691 /* PCAudioPlayer.swift */,
				4576086C1CD6404B00D13691 /* PCAudioPlayerNotificationManager.swift */,
				457608291CBC81D700D13691 /* PCMiniPlayerView.swift */,
				4576082A1CBC81D700D13691 /* PCMiniPlayerView.xib */,
				457608661CC5047700D13691 /* PCExpandedPlayerViewController.swift */,
				457608671CC5047700D13691 /* PCExpandedPlayerViewController.xib */,
			);
			path = "Audio Player";
			sourceTree = "<group>";
		};
		457608331CC4FD0D00D13691 /* Utilities */ = {
			isa = PBXGroup;
			children = (
				457608391CC4FED800D13691 /* Podclass-Bridging-Header.h */,
				457608721CDE9B3000D13691 /* Reachability.swift */,
			);
			path = Utilities;
			sourceTree = "<group>";
		};
		4588E5A91C9EE9DF0065BEF2 /* Extensions */ = {
			isa = PBXGroup;
			children = (
				4576084E1CC500EF00D13691 /* NSObject+Podclass.swift */,
				4576084F1CC500EF00D13691 /* UIColor+Podclass.swift */,
				457608501CC500EF00D13691 /* UIView+Podclass.swift */,
				457608511CC500EF00D13691 /* UIViewController+Podclass.swift */,
				457608701CDE982000D13691 /* UIAlertController+Podclass.swift */,
				452142051DA7035D00FCBF62 /* SVProgressHUD+Podclass.swift */,
			);
			path = Extensions;
			sourceTree = "<group>";
		};
		4588E5B21C9EF4A80065BEF2 /* Home View Controller */ = {
			isa = PBXGroup;
			children = (
				45DF04DA1C9EC9F5005B6C8A /* Main.storyboard */,
				45DF04D81C9EC9F5005B6C8A /* HomeViewController.swift */,
				4588E5B31C9EF4D40065BEF2 /* Class Table View */,
			);
			path = "Home View Controller";
			sourceTree = "<group>";
		};
		4588E5B31C9EF4D40065BEF2 /* Class Table View */ = {
			isa = PBXGroup;
			children = (
				4588E5AC1C9EEEFE0065BEF2 /* ClassTableViewCell.swift */,
				4588E5AD1C9EEEFE0065BEF2 /* ClassTableViewCell.xib */,
			);
			name = "Class Table View";
			path = "Class TableView";
			sourceTree = "<group>";
		};
		4588E5B61C9EFE770065BEF2 /* Views */ = {
			isa = PBXGroup;
			children = (
				457608481CC500D200D13691 /* PCButton.swift */,
				457608491CC500D200D13691 /* PCLabel.swift */,
				4576084A1CC500D200D13691 /* PCView.swift */,
				4576086A1CC70E9F00D13691 /* PCSlider.swift */,
			);
			path = Views;
			sourceTree = "<group>";
		};
		4588E5BC1C9F05A40065BEF2 /* Models */ = {
			isa = PBXGroup;
			children = (
				457608441CC500B800D13691 /* PCClass.swift */,
				457608451CC500B800D13691 /* PCLesson.swift */,
			);
			path = Models;
			sourceTree = "<group>";
		};
		4588E5BD1CA20D980065BEF2 /* Pitch View Controller */ = {
			isa = PBXGroup;
			children = (
				457608561CC5010900D13691 /* PitchViewController.swift */,
				457608571CC5010900D13691 /* PitchViewController.xib */,
				457608581CC5010900D13691 /* SyllabusTableViewCell.swift */,
				457608591CC5010900D13691 /* SyllabusTableViewCell.xib */,
			);
			path = "Pitch View Controller";
			sourceTree = "<group>";
		};
		459F45071C9ECC5F00DEDCED /* Fonts */ = {
			isa = PBXGroup;
			children = (
				4576083C1CC5009F00D13691 /* ProximaNova-Light.otf */,
				4576083D1CC5009F00D13691 /* ProximaNova-Regular.otf */,
				4576083E1CC5009F00D13691 /* Quicksand-Light.ttf */,
				4576083F1CC5009F00D13691 /* Quicksand-Regular.ttf */,
			);
			path = Fonts;
			sourceTree = "<group>";
		};
		45DF04CA1C9EC9F5005B6C8A = {
			isa = PBXGroup;
			children = (
				45DF04D51C9EC9F5005B6C8A /* Podclass */,
				45DF04D41C9EC9F5005B6C8A /* Products */,
				1185EF0DF4A7055C15E16085 /* Frameworks */,
				AC4F5418B91FFCD0C8ECA1C0 /* Pods */,
			);
			sourceTree = "<group>";
		};
		45DF04D41C9EC9F5005B6C8A /* Products */ = {
			isa = PBXGroup;
			children = (
				45DF04D31C9EC9F5005B6C8A /* Podclass.app */,
			);
			name = Products;
			sourceTree = "<group>";
		};
		45DF04D51C9EC9F5005B6C8A /* Podclass */ = {
			isa = PBXGroup;
			children = (
				45DF04D61C9EC9F5005B6C8A /* AppDelegate.swift */,
				457608331CC4FD0D00D13691 /* Utilities */,
				459F45071C9ECC5F00DEDCED /* Fonts */,
				4588E5BC1C9F05A40065BEF2 /* Models */,
				457608201CBAB8D900D13691 /* Audio Player */,
				4588E5B61C9EFE770065BEF2 /* Views */,
				4588E5A91C9EE9DF0065BEF2 /* Extensions */,
				4588E5B21C9EF4A80065BEF2 /* Home View Controller */,
				4588E5BD1CA20D980065BEF2 /* Pitch View Controller */,
				452AFD471CAC87BF00DCF69C /* Class View Controller */,
				45DF04DD1C9EC9F5005B6C8A /* Assets.xcassets */,
				45DF04DF1C9EC9F5005B6C8A /* LaunchScreen.storyboard */,
				45DF04E21C9EC9F5005B6C8A /* Info.plist */,
			);
			path = Podclass;
			sourceTree = "<group>";
		};
		AC4F5418B91FFCD0C8ECA1C0 /* Pods */ = {
			isa = PBXGroup;
			children = (
				FA31A5A3FE95CA596184CAC2 /* Pods-Podclass.debug.xcconfig */,
				917DB36851D2782672361947 /* Pods-Podclass.release.xcconfig */,
			);
			name = Pods;
			sourceTree = "<group>";
		};
/* End PBXGroup section */

/* Begin PBXNativeTarget section */
		45DF04D21C9EC9F5005B6C8A /* Podclass */ = {
			isa = PBXNativeTarget;
			buildConfigurationList = 45DF04E51C9EC9F5005B6C8A /* Build configuration list for PBXNativeTarget "Podclass" */;
			buildPhases = (
				ADAE9B6B232B5B554B06F3D6 /* [CP] Check Pods Manifest.lock */,
				45DF04CF1C9EC9F5005B6C8A /* Sources */,
				45DF04D01C9EC9F5005B6C8A /* Frameworks */,
				45DF04D11C9EC9F5005B6C8A /* Resources */,
				58CAF5A4B462A6499989DA4D /* [CP] Embed Pods Frameworks */,
				839B6364A6EAF7351EA78B16 /* [CP] Copy Pods Resources */,
			);
			buildRules = (
			);
			dependencies = (
			);
			name = Podclass;
			productName = Podclass;
			productReference = 45DF04D31C9EC9F5005B6C8A /* Podclass.app */;
			productType = "com.apple.product-type.application";
		};
/* End PBXNativeTarget section */

/* Begin PBXProject section */
		45DF04CB1C9EC9F5005B6C8A /* Project object */ = {
			isa = PBXProject;
			attributes = {
				LastSwiftUpdateCheck = 0720;
				LastUpgradeCheck = 0800;
				ORGANIZATIONNAME = Podclass;
				TargetAttributes = {
					45DF04D21C9EC9F5005B6C8A = {
						CreatedOnToolsVersion = 7.2.1;
						DevelopmentTeam = 98E8SVTQ29;
						LastSwiftMigration = 0800;
						ProvisioningStyle = Automatic;
					};
				};
			};
			buildConfigurationList = 45DF04CE1C9EC9F5005B6C8A /* Build configuration list for PBXProject "Podclass" */;
			compatibilityVersion = "Xcode 3.2";
			developmentRegion = English;
			hasScannedForEncodings = 0;
			knownRegions = (
				en,
				Base,
			);
			mainGroup = 45DF04CA1C9EC9F5005B6C8A;
			productRefGroup = 45DF04D41C9EC9F5005B6C8A /* Products */;
			projectDirPath = "";
			projectRoot = "";
			targets = (
				45DF04D21C9EC9F5005B6C8A /* Podclass */,
			);
		};
/* End PBXProject section */

/* Begin PBXResourcesBuildPhase section */
		45DF04D11C9EC9F5005B6C8A /* Resources */ = {
			isa = PBXResourcesBuildPhase;
			buildActionMask = 2147483647;
			files = (
				4588E5AF1C9EEEFE0065BEF2 /* ClassTableViewCell.xib in Resources */,
				45DF04E11C9EC9F5005B6C8A /* LaunchScreen.storyboard in Resources */,
				457608631CC5012100D13691 /* ClassViewController.xib in Resources */,
				457608691CC5047700D13691 /* PCExpandedPlayerViewController.xib in Resources */,
				4576085D1CC5010900D13691 /* SyllabusTableViewCell.xib in Resources */,
				457608401CC5009F00D13691 /* ProximaNova-Light.otf in Resources */,
				457608421CC5009F00D13691 /* Quicksand-Light.ttf in Resources */,
				4576085B1CC5010900D13691 /* PitchViewController.xib in Resources */,
				457608431CC5009F00D13691 /* Quicksand-Regular.ttf in Resources */,
				4576082C1CBC81D700D13691 /* PCMiniPlayerView.xib in Resources */,
				457608411CC5009F00D13691 /* ProximaNova-Regular.otf in Resources */,
				45DF04DE1C9EC9F5005B6C8A /* Assets.xcassets in Resources */,
				457608651CC5012100D13691 /* PCClassTableViewCell.xib in Resources */,
				45DF04DC1C9EC9F5005B6C8A /* Main.storyboard in Resources */,
			);
			runOnlyForDeploymentPostprocessing = 0;
		};
/* End PBXResourcesBuildPhase section */

/* Begin PBXShellScriptBuildPhase section */
		58CAF5A4B462A6499989DA4D /* [CP] Embed Pods Frameworks */ = {
			isa = PBXShellScriptBuildPhase;
			buildActionMask = 2147483647;
			files = (
			);
			inputPaths = (
			);
			name = "[CP] Embed Pods Frameworks";
			outputPaths = (
			);
			runOnlyForDeploymentPostprocessing = 0;
			shellPath = /bin/sh;
			shellScript = "\"${SRCROOT}/Pods/Target Support Files/Pods-Podclass/Pods-Podclass-frameworks.sh\"\n";
			showEnvVarsInLog = 0;
		};
		839B6364A6EAF7351EA78B16 /* [CP] Copy Pods Resources */ = {
			isa = PBXShellScriptBuildPhase;
			buildActionMask = 2147483647;
			files = (
			);
			inputPaths = (
			);
			name = "[CP] Copy Pods Resources";
			outputPaths = (
			);
			runOnlyForDeploymentPostprocessing = 0;
			shellPath = /bin/sh;
			shellScript = "\"${SRCROOT}/Pods/Target Support Files/Pods-Podclass/Pods-Podclass-resources.sh\"\n";
			showEnvVarsInLog = 0;
		};
		ADAE9B6B232B5B554B06F3D6 /* [CP] Check Pods Manifest.lock */ = {
			isa = PBXShellScriptBuildPhase;
			buildActionMask = 2147483647;
			files = (
			);
			inputPaths = (
			);
			name = "[CP] Check Pods Manifest.lock";
			outputPaths = (
			);
			runOnlyForDeploymentPostprocessing = 0;
			shellPath = /bin/sh;
			shellScript = "diff \"${PODS_ROOT}/../Podfile.lock\" \"${PODS_ROOT}/Manifest.lock\" > /dev/null\nif [[ $? != 0 ]] ; then\n    cat << EOM\nerror: The sandbox is not in sync with the Podfile.lock. Run 'pod install' or update your CocoaPods installation.\nEOM\n    exit 1\nfi\n";
			showEnvVarsInLog = 0;
		};
/* End PBXShellScriptBuildPhase section */

/* Begin PBXSourcesBuildPhase section */
		45DF04CF1C9EC9F5005B6C8A /* Sources */ = {
			isa = PBXSourcesBuildPhase;
			buildActionMask = 2147483647;
			files = (
				457608681CC5047700D13691 /* PCExpandedPlayerViewController.swift in Sources */,
				4576086B1CC70E9F00D13691 /* PCSlider.swift in Sources */,
				457608711CDE982000D13691 /* UIAlertController+Podclass.swift in Sources */,
				457608621CC5012100D13691 /* ClassViewController.swift in Sources */,
				4576086D1CD6404B00D13691 /* PCAudioPlayerNotificationManager.swift in Sources */,
				457608641CC5012100D13691 /* PCClassTableViewCell.swift in Sources */,
				4576084B1CC500D200D13691 /* PCButton.swift in Sources */,
				4576082B1CBC81D700D13691 /* PCMiniPlayerView.swift in Sources */,
				4576084D1CC500D200D13691 /* PCView.swift in Sources */,
				4588E5AE1C9EEEFE0065BEF2 /* ClassTableViewCell.swift in Sources */,
				45DF04D91C9EC9F5005B6C8A /* HomeViewController.swift in Sources */,
				4576084C1CC500D200D13691 /* PCLabel.swift in Sources */,
				4576085C1CC5010900D13691 /* SyllabusTableViewCell.swift in Sources */,
				4576085A1CC5010900D13691 /* PitchViewController.swift in Sources */,
				457608461CC500B800D13691 /* PCClass.swift in Sources */,
				457608731CDE9B3000D13691 /* Reachability.swift in Sources */,
				457608471CC500B800D13691 /* PCLesson.swift in Sources */,
				457608541CC500EF00D13691 /* UIView+Podclass.swift in Sources */,
				452142061DA7035D00FCBF62 /* SVProgressHUD+Podclass.swift in Sources */,
				45DF04D71C9EC9F5005B6C8A /* AppDelegate.swift in Sources */,
				457608521CC500EF00D13691 /* NSObject+Podclass.swift in Sources */,
				457608551CC500EF00D13691 /* UIViewController+Podclass.swift in Sources */,
				457608531CC500EF00D13691 /* UIColor+Podclass.swift in Sources */,
				457608221CBAB90700D13691 /* PCAudioPlayer.swift in Sources */,
			);
			runOnlyForDeploymentPostprocessing = 0;
		};
/* End PBXSourcesBuildPhase section */

/* Begin PBXVariantGroup section */
		45DF04DA1C9EC9F5005B6C8A /* Main.storyboard */ = {
			isa = PBXVariantGroup;
			children = (
				45DF04DB1C9EC9F5005B6C8A /* Base */,
			);
			name = Main.storyboard;
			path = ..;
			sourceTree = "<group>";
		};
		45DF04DF1C9EC9F5005B6C8A /* LaunchScreen.storyboard */ = {
			isa = PBXVariantGroup;
			children = (
				45DF04E01C9EC9F5005B6C8A /* Base */,
			);
			name = LaunchScreen.storyboard;
			sourceTree = "<group>";
		};
/* End PBXVariantGroup section */

/* Begin XCBuildConfiguration section */
		45DF04E31C9EC9F5005B6C8A /* Debug */ = {
			isa = XCBuildConfiguration;
			buildSettings = {
				ALWAYS_SEARCH_USER_PATHS = NO;
				CLANG_CXX_LANGUAGE_STANDARD = "gnu++0x";
				CLANG_CXX_LIBRARY = "libc++";
				CLANG_ENABLE_MODULES = YES;
				CLANG_ENABLE_OBJC_ARC = YES;
				CLANG_WARN_BOOL_CONVERSION = YES;
				CLANG_WARN_CONSTANT_CONVERSION = YES;
				CLANG_WARN_DIRECT_OBJC_ISA_USAGE = YES_ERROR;
				CLANG_WARN_EMPTY_BODY = YES;
				CLANG_WARN_ENUM_CONVERSION = YES;
				CLANG_WARN_INFINITE_RECURSION = YES;
				CLANG_WARN_INT_CONVERSION = YES;
				CLANG_WARN_OBJC_ROOT_CLASS = YES_ERROR;
				CLANG_WARN_SUSPICIOUS_MOVE = YES;
				CLANG_WARN_UNREACHABLE_CODE = YES;
				CLANG_WARN__DUPLICATE_METHOD_MATCH = YES;
				"CODE_SIGN_IDENTITY[sdk=iphoneos*]" = "iPhone Developer";
				COPY_PHASE_STRIP = NO;
				DEBUG_INFORMATION_FORMAT = dwarf;
				ENABLE_STRICT_OBJC_MSGSEND = YES;
				ENABLE_TESTABILITY = YES;
				GCC_C_LANGUAGE_STANDARD = gnu99;
				GCC_DYNAMIC_NO_PIC = NO;
				GCC_NO_COMMON_BLOCKS = YES;
				GCC_OPTIMIZATION_LEVEL = 0;
				GCC_PREPROCESSOR_DEFINITIONS = (
					"DEBUG=1",
					"$(inherited)",
				);
				GCC_WARN_64_TO_32_BIT_CONVERSION = YES;
				GCC_WARN_ABOUT_RETURN_TYPE = YES_ERROR;
				GCC_WARN_UNDECLARED_SELECTOR = YES;
				GCC_WARN_UNINITIALIZED_AUTOS = YES_AGGRESSIVE;
				GCC_WARN_UNUSED_FUNCTION = YES;
				GCC_WARN_UNUSED_VARIABLE = YES;
				IPHONEOS_DEPLOYMENT_TARGET = 9.2;
				MTL_ENABLE_DEBUG_INFO = YES;
				ONLY_ACTIVE_ARCH = YES;
				SDKROOT = iphoneos;
				SWIFT_OPTIMIZATION_LEVEL = "-Onone";
			};
			name = Debug;
		};
		45DF04E41C9EC9F5005B6C8A /* Release */ = {
			isa = XCBuildConfiguration;
			buildSettings = {
				ALWAYS_SEARCH_USER_PATHS = NO;
				CLANG_CXX_LANGUAGE_STANDARD = "gnu++0x";
				CLANG_CXX_LIBRARY = "libc++";
				CLANG_ENABLE_MODULES = YES;
				CLANG_ENABLE_OBJC_ARC = YES;
				CLANG_WARN_BOOL_CONVERSION = YES;
				CLANG_WARN_CONSTANT_CONVERSION = YES;
				CLANG_WARN_DIRECT_OBJC_ISA_USAGE = YES_ERROR;
				CLANG_WARN_EMPTY_BODY = YES;
				CLANG_WARN_ENUM_CONVERSION = YES;
				CLANG_WARN_INFINITE_RECURSION = YES;
				CLANG_WARN_INT_CONVERSION = YES;
				CLANG_WARN_OBJC_ROOT_CLASS = YES_ERROR;
				CLANG_WARN_SUSPICIOUS_MOVE = YES;
				CLANG_WARN_UNREACHABLE_CODE = YES;
				CLANG_WARN__DUPLICATE_METHOD_MATCH = YES;
				"CODE_SIGN_IDENTITY[sdk=iphoneos*]" = "iPhone Developer";
				COPY_PHASE_STRIP = NO;
				DEBUG_INFORMATION_FORMAT = "dwarf-with-dsym";
				ENABLE_NS_ASSERTIONS = NO;
				ENABLE_STRICT_OBJC_MSGSEND = YES;
				GCC_C_LANGUAGE_STANDARD = gnu99;
				GCC_NO_COMMON_BLOCKS = YES;
				GCC_WARN_64_TO_32_BIT_CONVERSION = YES;
				GCC_WARN_ABOUT_RETURN_TYPE = YES_ERROR;
				GCC_WARN_UNDECLARED_SELECTOR = YES;
				GCC_WARN_UNINITIALIZED_AUTOS = YES_AGGRESSIVE;
				GCC_WARN_UNUSED_FUNCTION = YES;
				GCC_WARN_UNUSED_VARIABLE = YES;
				IPHONEOS_DEPLOYMENT_TARGET = 9.2;
				MTL_ENABLE_DEBUG_INFO = NO;
				SDKROOT = iphoneos;
				SWIFT_OPTIMIZATION_LEVEL = "-Owholemodule";
				VALIDATE_PRODUCT = YES;
			};
			name = Release;
		};
		45DF04E61C9EC9F5005B6C8A /* Debug */ = {
			isa = XCBuildConfiguration;
			baseConfigurationReference = FA31A5A3FE95CA596184CAC2 /* Pods-Podclass.debug.xcconfig */;
			buildSettings = {
				ALWAYS_EMBED_SWIFT_STANDARD_LIBRARIES = YES;
				ASSETCATALOG_COMPILER_APPICON_NAME = AppIcon;
				CODE_SIGN_IDENTITY = "iPhone Developer";
				"CODE_SIGN_IDENTITY[sdk=iphoneos*]" = "iPhone Developer";
				DEVELOPMENT_TEAM = 98E8SVTQ29;
				INFOPLIST_FILE = Podclass/Info.plist;
				IPHONEOS_DEPLOYMENT_TARGET = 9.0;
				LD_RUNPATH_SEARCH_PATHS = "$(inherited) @executable_path/Frameworks";
				PRODUCT_BUNDLE_IDENTIFIER = com.podclass.Podclass;
				PRODUCT_NAME = "$(TARGET_NAME)";
				SWIFT_OBJC_BRIDGING_HEADER = "Podclass/Utilities/Podclass-Bridging-Header.h";
				SWIFT_VERSION = 3.0;
			};
			name = Debug;
		};
		45DF04E71C9EC9F5005B6C8A /* Release */ = {
			isa = XCBuildConfiguration;
			baseConfigurationReference = 917DB36851D2782672361947 /* Pods-Podclass.release.xcconfig */;
			buildSettings = {
				ALWAYS_EMBED_SWIFT_STANDARD_LIBRARIES = YES;
				ASSETCATALOG_COMPILER_APPICON_NAME = AppIcon;
				CODE_SIGN_IDENTITY = "iPhone Developer";
				"CODE_SIGN_IDENTITY[sdk=iphoneos*]" = "iPhone Developer";
				DEVELOPMENT_TEAM = 98E8SVTQ29;
				INFOPLIST_FILE = Podclass/Info.plist;
				IPHONEOS_DEPLOYMENT_TARGET = 9.0;
				LD_RUNPATH_SEARCH_PATHS = "$(inherited) @executable_path/Frameworks";
				PRODUCT_BUNDLE_IDENTIFIER = com.podclass.Podclass;
				PRODUCT_NAME = "$(TARGET_NAME)";
				SWIFT_OBJC_BRIDGING_HEADER = "Podclass/Utilities/Podclass-Bridging-Header.h";
				SWIFT_VERSION = 3.0;
			};
			name = Release;
		};
/* End XCBuildConfiguration section */

/* Begin XCConfigurationList section */
		45DF04CE1C9EC9F5005B6C8A /* Build configuration list for PBXProject "Podclass" */ = {
			isa = XCConfigurationList;
			buildConfigurations = (
				45DF04E31C9EC9F5005B6C8A /* Debug */,
				45DF04E41C9EC9F5005B6C8A /* Release */,
			);
			defaultConfigurationIsVisible = 0;
			defaultConfigurationName = Release;
		};
		45DF04E51C9EC9F5005B6C8A /* Build configuration list for PBXNativeTarget "Podclass" */ = {
			isa = XCConfigurationList;
			buildConfigurations = (
				45DF04E61C9EC9F5005B6C8A /* Debug */,
				45DF04E71C9EC9F5005B6C8A /* Release */,
			);
			defaultConfigurationIsVisible = 0;
			defaultConfigurationName = Release;
		};
/* End XCConfigurationList section */
	};
	rootObject = 45DF04CB1C9EC9F5005B6C8A /* Project object */;
}
